
Microsoft Visual Studio Solution File, Format Version 12.00
# Visual Studio 14
VisualStudioVersion = 14.0.23107.0
MinimumVisualStudioVersion = 10.0.40219.1
Project("{FAE04EC0-301F-11D3-BF4B-00C04F79EFBC}") = "LivestreamerUI", "LivestreamerUI\LivestreamerUI.csproj", "{7BB52352-C6E5-47AE-A942-DFFD2CF699CC}"
EndProject
Global
	GlobalSection(SolutionConfigurationPlatforms) = preSolution
		Debug|Any CPU = Debug|Any CPU
		Release|Any CPU = Release|Any CPU
	EndGlobalSection
	GlobalSection(ProjectConfigurationPlatforms) = postSolution
		{7BB52352-C6E5-47AE-A942-DFFD2CF699CC}.Debug|Any CPU.ActiveCfg = Debug|Any CPU
		{7BB52352-C6E5-47AE-A942-DFFD2CF699CC}.Debug|Any CPU.Build.0 = Debug|Any CPU
		{7BB52352-C6E5-47AE-A942-DFFD2CF699CC}.Release|Any CPU.ActiveCfg = Release|Any CPU
		{7BB52352-C6E5-47AE-A942-DFFD2CF699CC}.Release|Any CPU.Build.0 = Release|Any CPU
	EndGlobalSection
	GlobalSection(SolutionProperties) = preSolution
		HideSolutionNode = FALSE
	EndGlobalSection
EndGlobal
